
Microsoft Visual Studio Solution File, Format Version 12.00
# Visual Studio Version 17
VisualStudioVersion = 17.4.33110.190
MinimumVisualStudioVersion = 10.0.40219.1
Project("{FAE04EC0-301F-11D3-BF4B-00C04F79EFBC}") = "hw7", "hw7\hw7.csproj", "{E93B31FE-F82A-40B4-A86A-06637BCD4895}"
EndProject
Global
	GlobalSection(SolutionConfigurationPlatforms) = preSolution
		Debug|Any CPU = Debug|Any CPU
		Release|Any CPU = Release|Any CPU
	EndGlobalSection
	GlobalSection(ProjectConfigurationPlatforms) = postSolution
		{E93B31FE-F82A-40B4-A86A-06637BCD4895}.Debug|Any CPU.ActiveCfg = Debug|Any CPU
		{E93B31FE-F82A-40B4-A86A-06637BCD4895}.Debug|Any CPU.Build.0 = Debug|Any CPU
		{E93B31FE-F82A-40B4-A86A-06637BCD4895}.Release|Any CPU.ActiveCfg = Release|Any CPU
		{E93B31FE-F82A-40B4-A86A-06637BCD4895}.Release|Any CPU.Build.0 = Release|Any CPU
	EndGlobalSection
	GlobalSection(SolutionProperties) = preSolution
		HideSolutionNode = FALSE
	EndGlobalSection
	GlobalSection(ExtensibilityGlobals) = postSolution
		SolutionGuid = {2F7CA568-C86E-4D17-B009-F2ED8BECCA39}
	EndGlobalSection
EndGlobal
